
Microsoft Visual Studio Solution File, Format Version 12.00
# Visual Studio 15
VisualStudioVersion = 15.0.27703.2026
MinimumVisualStudioVersion = 10.0.40219.1
Project("{FAE04EC0-301F-11D3-BF4B-00C04F79EFBC}") = "looping_exercise", "looping_exercise\looping_exercise.csproj", "{887004EA-1A0A-42C6-B80E-8EDB71246791}"
EndProject
Global
	GlobalSection(SolutionConfigurationPlatforms) = preSolution
		Debug|Any CPU = Debug|Any CPU
		Release|Any CPU = Release|Any CPU
	EndGlobalSection
	GlobalSection(ProjectConfigurationPlatforms) = postSolution
		{887004EA-1A0A-42C6-B80E-8EDB71246791}.Debug|Any CPU.ActiveCfg = Debug|Any CPU
		{887004EA-1A0A-42C6-B80E-8EDB71246791}.Debug|Any CPU.Build.0 = Debug|Any CPU
		{887004EA-1A0A-42C6-B80E-8EDB71246791}.Release|Any CPU.ActiveCfg = Release|Any CPU
		{887004EA-1A0A-42C6-B80E-8EDB71246791}.Release|Any CPU.Build.0 = Release|Any CPU
	EndGlobalSection
	GlobalSection(SolutionProperties) = preSolution
		HideSolutionNode = FALSE
	EndGlobalSection
	GlobalSection(ExtensibilityGlobals) = postSolution
		SolutionGuid = {414CBC96-4110-4517-9926-4B1543B3D465}
	EndGlobalSection
EndGlobal
