
Microsoft Visual Studio Solution File, Format Version 12.00
# Visual Studio 15
VisualStudioVersion = 15.0.27428.1
MinimumVisualStudioVersion = 10.0.40219.1
Project("{FAE04EC0-301F-11D3-BF4B-00C04F79EFBC}") = "pool_assignment2", "pool_assignment2\pool_assignment2.csproj", "{CECFAE45-E598-4F0A-9487-9DC585225DFA}"
EndProject
Global
	GlobalSection(SolutionConfigurationPlatforms) = preSolution
		Debug|Any CPU = Debug|Any CPU
		Release|Any CPU = Release|Any CPU
	EndGlobalSection
	GlobalSection(ProjectConfigurationPlatforms) = postSolution
		{CECFAE45-E598-4F0A-9487-9DC585225DFA}.Debug|Any CPU.ActiveCfg = Debug|Any CPU
		{CECFAE45-E598-4F0A-9487-9DC585225DFA}.Debug|Any CPU.Build.0 = Debug|Any CPU
		{CECFAE45-E598-4F0A-9487-9DC585225DFA}.Release|Any CPU.ActiveCfg = Release|Any CPU
		{CECFAE45-E598-4F0A-9487-9DC585225DFA}.Release|Any CPU.Build.0 = Release|Any CPU
	EndGlobalSection
	GlobalSection(SolutionProperties) = preSolution
		HideSolutionNode = FALSE
	EndGlobalSection
	GlobalSection(ExtensibilityGlobals) = postSolution
		SolutionGuid = {C67E817D-16B5-48BE-A268-C84CD8555B43}
	EndGlobalSection
EndGlobal
