
Microsoft Visual Studio Solution File, Format Version 12.00
# Visual Studio 15
VisualStudioVersion = 15.0.27703.2026
MinimumVisualStudioVersion = 10.0.40219.1
Project("{FAE04EC0-301F-11D3-BF4B-00C04F79EFBC}") = "array_exercise", "array_exercise\array_exercise.csproj", "{56371FF0-A208-412C-A5E2-9088C95FEEFC}"
EndProject
Global
	GlobalSection(SolutionConfigurationPlatforms) = preSolution
		Debug|Any CPU = Debug|Any CPU
		Release|Any CPU = Release|Any CPU
	EndGlobalSection
	GlobalSection(ProjectConfigurationPlatforms) = postSolution
		{56371FF0-A208-412C-A5E2-9088C95FEEFC}.Debug|Any CPU.ActiveCfg = Debug|Any CPU
		{56371FF0-A208-412C-A5E2-9088C95FEEFC}.Debug|Any CPU.Build.0 = Debug|Any CPU
		{56371FF0-A208-412C-A5E2-9088C95FEEFC}.Release|Any CPU.ActiveCfg = Release|Any CPU
		{56371FF0-A208-412C-A5E2-9088C95FEEFC}.Release|Any CPU.Build.0 = Release|Any CPU
	EndGlobalSection
	GlobalSection(SolutionProperties) = preSolution
		HideSolutionNode = FALSE
	EndGlobalSection
	GlobalSection(ExtensibilityGlobals) = postSolution
		SolutionGuid = {CDE2D961-3093-468C-8B99-A696F8AFEA8A}
	EndGlobalSection
EndGlobal
